
Microsoft Visual Studio Solution File, Format Version 12.00
# Visual Studio Version 17
VisualStudioVersion = 17.10.35122.118
MinimumVisualStudioVersion = 10.0.40219.1
Project("{FAE04EC0-301F-11D3-BF4B-00C04F79EFBC}") = "09122025", "09122025\09122025.csproj", "{EDEA1C0B-227A-4618-A693-CE5EAF35102F}"
EndProject
Global
	GlobalSection(SolutionConfigurationPlatforms) = preSolution
		Debug|Any CPU = Debug|Any CPU
		Release|Any CPU = Release|Any CPU
	EndGlobalSection
	GlobalSection(ProjectConfigurationPlatforms) = postSolution
		{EDEA1C0B-227A-4618-A693-CE5EAF35102F}.Debug|Any CPU.ActiveCfg = Debug|Any CPU
		{EDEA1C0B-227A-4618-A693-CE5EAF35102F}.Debug|Any CPU.Build.0 = Debug|Any CPU
		{EDEA1C0B-227A-4618-A693-CE5EAF35102F}.Release|Any CPU.ActiveCfg = Release|Any CPU
		{EDEA1C0B-227A-4618-A693-CE5EAF35102F}.Release|Any CPU.Build.0 = Release|Any CPU
	EndGlobalSection
	GlobalSection(SolutionProperties) = preSolution
		HideSolutionNode = FALSE
	EndGlobalSection
	GlobalSection(ExtensibilityGlobals) = postSolution
		SolutionGuid = {D9C967CE-DA92-4D0B-9D79-04A34F2EF385}
	EndGlobalSection
EndGlobal
